
Microsoft Visual Studio Solution File, Format Version 12.00
# Visual Studio Version 17
VisualStudioVersion = 17.5.002.0
MinimumVisualStudioVersion = 10.0.40219.1
Project("{9A19103F-16F7-4668-BE54-9A1E7A4F7556}") = "webapp", "webapp.csproj", "{C9F966B3-0EAF-42AF-9104-544B2EB54D2D}"
EndProject
Global
	GlobalSection(SolutionConfigurationPlatforms) = preSolution
		Debug|Any CPU = Debug|Any CPU
		Release|Any CPU = Release|Any CPU
	EndGlobalSection
	GlobalSection(ProjectConfigurationPlatforms) = postSolution
		{C9F966B3-0EAF-42AF-9104-544B2EB54D2D}.Debug|Any CPU.ActiveCfg = Debug|Any CPU
		{C9F966B3-0EAF-42AF-9104-544B2EB54D2D}.Debug|Any CPU.Build.0 = Debug|Any CPU
		{C9F966B3-0EAF-42AF-9104-544B2EB54D2D}.Release|Any CPU.ActiveCfg = Release|Any CPU
		{C9F966B3-0EAF-42AF-9104-544B2EB54D2D}.Release|Any CPU.Build.0 = Release|Any CPU
	EndGlobalSection
	GlobalSection(SolutionProperties) = preSolution
		HideSolutionNode = FALSE
	EndGlobalSection
	GlobalSection(ExtensibilityGlobals) = postSolution
		SolutionGuid = {25131703-AF1C-4D02-BBA1-51CC97D157E5}
	EndGlobalSection
EndGlobal
